// !$*UTF8*$!
{
	archiveVersion = 1;
	classes = {
	};
	objectVersion = 60;
	objects = {

/* Begin PBXBuildFile section */
		2A37B3562BB05C480053328A /* FiodoraApp.swift in Sources */ = {isa = PBXBuildFile; fileRef = 2A37B3552BB05C480053328A /* FiodoraApp.swift */; };
		2A37B35A2BB05C490053328A /* Assets.xcassets in Resources */ = {isa = PBXBuildFile; fileRef = 2A37B3592BB05C490053328A /* Assets.xcassets */; };
		2A37B35D2BB05C490053328A /* Preview Assets.xcassets in Resources */ = {isa = PBXBuildFile; fileRef = 2A37B35C2BB05C490053328A /* Preview Assets.xcassets */; };
		2A37B3662BB05E0A0053328A /* Apollo in Frameworks */ = {isa = PBXBuildFile; productRef = 2A37B3652BB05E0A0053328A /* Apollo */; };
		2A37B3682BB063490053328A /* apollo-codegen-config.json in Resources */ = {isa = PBXBuildFile; fileRef = 2A37B3672BB063490053328A /* apollo-codegen-config.json */; };
		2A37B3702BB065830053328A /* schema.graphqls in Resources */ = {isa = PBXBuildFile; fileRef = 2A37B36E2BB065830053328A /* schema.graphqls */; };
		2A37B3762BB066D10053328A /* FiodoraAPI in Frameworks */ = {isa = PBXBuildFile; productRef = 2A37B3752BB066D10053328A /* FiodoraAPI */; };
		2A37B3792BB067190053328A /* Network.swift in Sources */ = {isa = PBXBuildFile; fileRef = 2A37B3782BB067190053328A /* Network.swift */; };
		2A37B37B2BB06FE70053328A /* LoginView.swift in Sources */ = {isa = PBXBuildFile; fileRef = 2A37B37A2BB06FE70053328A /* LoginView.swift */; };
		2A37B37E2BB071F80053328A /* InputField.swift in Sources */ = {isa = PBXBuildFile; fileRef = 2A37B37D2BB071F80053328A /* InputField.swift */; };
		2A37B3822BB088190053328A /* Localizable.xcstrings in Resources */ = {isa = PBXBuildFile; fileRef = 2A37B3812BB088190053328A /* Localizable.xcstrings */; };
		2A37B39C2BB0EFD90053328A /* LoginViewModel.swift in Sources */ = {isa = PBXBuildFile; fileRef = 2A37B39B2BB0EFD90053328A /* LoginViewModel.swift */; };
		2A37B3A22BB0F0E60053328A /* Login.graphql in Resources */ = {isa = PBXBuildFile; fileRef = 2A37B3A12BB0F0E60053328A /* Login.graphql */; };
		2AABEBAF2BB0F74B004C93AC /* AppAlert.swift in Sources */ = {isa = PBXBuildFile; fileRef = 2AABEBAE2BB0F74B004C93AC /* AppAlert.swift */; };
		2AABEBB22BB1C20D004C93AC /* FiodoraAPI in Frameworks */ = {isa = PBXBuildFile; productRef = 2AABEBB12BB1C20D004C93AC /* FiodoraAPI */; };
		2AABEBB52BB1C679004C93AC /* KeychainSwift in Frameworks */ = {isa = PBXBuildFile; productRef = 2AABEBB42BB1C679004C93AC /* KeychainSwift */; };
		2AABEBB72BB1D134004C93AC /* LoginButtonView.swift in Sources */ = {isa = PBXBuildFile; fileRef = 2AABEBB62BB1D134004C93AC /* LoginButtonView.swift */; };
/* End PBXBuildFile section */

/* Begin PBXFileReference section */
		2A37B3522BB05C480053328A /* Fiodora.app */ = {isa = PBXFileReference; explicitFileType = wrapper.application; includeInIndex = 0; path = Fiodora.app; sourceTree = BUILT_PRODUCTS_DIR; };
		2A37B3552BB05C480053328A /* FiodoraApp.swift */ = {isa = PBXFileReference; lastKnownFileType = sourcecode.swift; path = FiodoraApp.swift; sourceTree = "<group>"; };
		2A37B3592BB05C490053328A /* Assets.xcassets */ = {isa = PBXFileReference; lastKnownFileType = folder.assetcatalog; path = Assets.xcassets; sourceTree = "<group>"; };
		2A37B35C2BB05C490053328A /* Preview Assets.xcassets */ = {isa = PBXFileReference; lastKnownFileType = folder.assetcatalog; path = "Preview Assets.xcassets"; sourceTree = "<group>"; };
		2A37B3672BB063490053328A /* apollo-codegen-config.json */ = {isa = PBXFileReference; fileEncoding = 4; lastKnownFileType = text.json; path = "apollo-codegen-config.json"; sourceTree = "<group>"; };
		2A37B36E2BB065830053328A /* schema.graphqls */ = {isa = PBXFileReference; fileEncoding = 4; lastKnownFileType = text; path = schema.graphqls; sourceTree = "<group>"; };
		2A37B3782BB067190053328A /* Network.swift */ = {isa = PBXFileReference; lastKnownFileType = sourcecode.swift; path = Network.swift; sourceTree = "<group>"; };
		2A37B37A2BB06FE70053328A /* LoginView.swift */ = {isa = PBXFileReference; lastKnownFileType = sourcecode.swift; path = LoginView.swift; sourceTree = "<group>"; };
		2A37B37D2BB071F80053328A /* InputField.swift */ = {isa = PBXFileReference; lastKnownFileType = sourcecode.swift; path = InputField.swift; sourceTree = "<group>"; };
		2A37B3812BB088190053328A /* Localizable.xcstrings */ = {isa = PBXFileReference; lastKnownFileType = text.json.xcstrings; path = Localizable.xcstrings; sourceTree = "<group>"; };
		2A37B39B2BB0EFD90053328A /* LoginViewModel.swift */ = {isa = PBXFileReference; lastKnownFileType = sourcecode.swift; path = LoginViewModel.swift; sourceTree = "<group>"; };
		2A37B3A12BB0F0E60053328A /* Login.graphql */ = {isa = PBXFileReference; lastKnownFileType = text; path = Login.graphql; sourceTree = "<group>"; };
		2AABEBAE2BB0F74B004C93AC /* AppAlert.swift */ = {isa = PBXFileReference; lastKnownFileType = sourcecode.swift; path = AppAlert.swift; sourceTree = "<group>"; };
		2AABEBB62BB1D134004C93AC /* LoginButtonView.swift */ = {isa = PBXFileReference; lastKnownFileType = sourcecode.swift; path = LoginButtonView.swift; sourceTree = "<group>"; };
/* End PBXFileReference section */

/* Begin PBXFrameworksBuildPhase section */
		2A37B34F2BB05C480053328A /* Frameworks */ = {
			isa = PBXFrameworksBuildPhase;
			buildActionMask = 2147483647;
			files = (
				2A37B3762BB066D10053328A /* FiodoraAPI in Frameworks */,
				2AABEBB22BB1C20D004C93AC /* FiodoraAPI in Frameworks */,
				2AABEBB52BB1C679004C93AC /* KeychainSwift in Frameworks */,
				2A37B3662BB05E0A0053328A /* Apollo in Frameworks */,
			);
			runOnlyForDeploymentPostprocessing = 0;
		};
/* End PBXFrameworksBuildPhase section */

/* Begin PBXGroup section */
		2A37B3492BB05C480053328A = {
			isa = PBXGroup;
			children = (
				2A37B3672BB063490053328A /* apollo-codegen-config.json */,
				2A37B3542BB05C480053328A /* Fiodora */,
				2A37B36F2BB065830053328A /* graphql */,
				2A37B3532BB05C480053328A /* Products */,
			);
			sourceTree = "<group>";
		};
		2A37B3532BB05C480053328A /* Products */ = {
			isa = PBXGroup;
			children = (
				2A37B3522BB05C480053328A /* Fiodora.app */,
			);
			name = Products;
			sourceTree = "<group>";
		};
		2A37B3542BB05C480053328A /* Fiodora */ = {
			isa = PBXGroup;
			children = (
				2A37B3552BB05C480053328A /* FiodoraApp.swift */,
				2A37B3592BB05C490053328A /* Assets.xcassets */,
				2A37B3812BB088190053328A /* Localizable.xcstrings */,
				2A37B3982BB08D450053328A /* Code */,
				2A37B3972BB08D390053328A /* Config */,
				2A37B35B2BB05C490053328A /* Preview Content */,
				2A37B39A2BB08D580053328A /* Resources */,
			);
			path = Fiodora;
			sourceTree = "<group>";
		};
		2A37B35B2BB05C490053328A /* Preview Content */ = {
			isa = PBXGroup;
			children = (
				2A37B35C2BB05C490053328A /* Preview Assets.xcassets */,
			);
			path = "Preview Content";
			sourceTree = "<group>";
		};
		2A37B36F2BB065830053328A /* graphql */ = {
			isa = PBXGroup;
			children = (
				2A37B36E2BB065830053328A /* schema.graphqls */,
			);
			path = graphql;
			sourceTree = "<group>";
		};
		2A37B3832BB08A9D0053328A /* Login */ = {
			isa = PBXGroup;
			children = (
				2A37B3892BB08AF60053328A /* ViewModels */,
				2A37B3882BB08AF10053328A /* Views */,
				2A37B3872BB08AEC0053328A /* Models */,
			);
			path = Login;
			sourceTree = "<group>";
		};
		2A37B3842BB08AA30053328A /* Features */ = {
			isa = PBXGroup;
			children = (
				2A37B3912BB08CD50053328A /* Common */,
				2A37B3852BB08AB90053328A /* Home */,
				2A37B3832BB08A9D0053328A /* Login */,
			);
			path = Features;
			sourceTree = "<group>";
		};
		2A37B3852BB08AB90053328A /* Home */ = {
			isa = PBXGroup;
			children = (
				2A37B3902BB08CC90053328A /* Views */,
				2A37B38F2BB08CC20053328A /* ViewModels */,
				2A37B38D2BB08CB60053328A /* Models */,
			);
			path = Home;
			sourceTree = "<group>";
		};
		2A37B3872BB08AEC0053328A /* Models */ = {
			isa = PBXGroup;
			children = (
				2A37B3A12BB0F0E60053328A /* Login.graphql */,
			);
			path = Models;
			sourceTree = "<group>";
		};
		2A37B3882BB08AF10053328A /* Views */ = {
			isa = PBXGroup;
			children = (
				2A37B37A2BB06FE70053328A /* LoginView.swift */,
				2AABEBB62BB1D134004C93AC /* LoginButtonView.swift */,
			);
			path = Views;
			sourceTree = "<group>";
		};
		2A37B3892BB08AF60053328A /* ViewModels */ = {
			isa = PBXGroup;
			children = (
				2A37B39B2BB0EFD90053328A /* LoginViewModel.swift */,
			);
			path = ViewModels;
			sourceTree = "<group>";
		};
		2A37B38D2BB08CB60053328A /* Models */ = {
			isa = PBXGroup;
			children = (
			);
			path = Models;
			sourceTree = "<group>";
		};
		2A37B38F2BB08CC20053328A /* ViewModels */ = {
			isa = PBXGroup;
			children = (
			);
			path = ViewModels;
			sourceTree = "<group>";
		};
		2A37B3902BB08CC90053328A /* Views */ = {
			isa = PBXGroup;
			children = (
			);
			path = Views;
			sourceTree = "<group>";
		};
		2A37B3912BB08CD50053328A /* Common */ = {
			isa = PBXGroup;
			children = (
				2A37B3952BB08CEA0053328A /* Models */,
				2A37B3932BB08CE10053328A /* ViewModels */,
				2A37B3922BB08CDB0053328A /* Views */,
			);
			path = Common;
			sourceTree = "<group>";
		};
		2A37B3922BB08CDB0053328A /* Views */ = {
			isa = PBXGroup;
			children = (
				2A37B37D2BB071F80053328A /* InputField.swift */,
				2AABEBAE2BB0F74B004C93AC /* AppAlert.swift */,
			);
			path = Views;
			sourceTree = "<group>";
		};
		2A37B3932BB08CE10053328A /* ViewModels */ = {
			isa = PBXGroup;
			children = (
			);
			path = ViewModels;
			sourceTree = "<group>";
		};
		2A37B3952BB08CEA0053328A /* Models */ = {
			isa = PBXGroup;
			children = (
			);
			path = Models;
			sourceTree = "<group>";
		};
		2A37B3972BB08D390053328A /* Config */ = {
			isa = PBXGroup;
			children = (
			);
			path = Config;
			sourceTree = "<group>";
		};
		2A37B3982BB08D450053328A /* Code */ = {
			isa = PBXGroup;
			children = (
				2A37B3992BB08D4F0053328A /* Utilities */,
				2A37B3842BB08AA30053328A /* Features */,
			);
			path = Code;
			sourceTree = "<group>";
		};
		2A37B3992BB08D4F0053328A /* Utilities */ = {
			isa = PBXGroup;
			children = (
				2A37B3782BB067190053328A /* Network.swift */,
			);
			path = Utilities;
			sourceTree = "<group>";
		};
		2A37B39A2BB08D580053328A /* Resources */ = {
			isa = PBXGroup;
			children = (
			);
			path = Resources;
			sourceTree = "<group>";
		};
/* End PBXGroup section */

/* Begin PBXNativeTarget section */
		2A37B3512BB05C480053328A /* Fiodora */ = {
			isa = PBXNativeTarget;
			buildConfigurationList = 2A37B3602BB05C490053328A /* Build configuration list for PBXNativeTarget "Fiodora" */;
			buildPhases = (
				2A37B34E2BB05C480053328A /* Sources */,
				2A37B34F2BB05C480053328A /* Frameworks */,
				2A37B3502BB05C480053328A /* Resources */,
			);
			buildRules = (
			);
			dependencies = (
			);
			name = Fiodora;
			packageProductDependencies = (
				2A37B3652BB05E0A0053328A /* Apollo */,
				2A37B3752BB066D10053328A /* FiodoraAPI */,
				2AABEBB12BB1C20D004C93AC /* FiodoraAPI */,
				2AABEBB42BB1C679004C93AC /* KeychainSwift */,
			);
			productName = Fiodora;
			productReference = 2A37B3522BB05C480053328A /* Fiodora.app */;
			productType = "com.apple.product-type.application";
		};
/* End PBXNativeTarget section */

/* Begin PBXProject section */
		2A37B34A2BB05C480053328A /* Project object */ = {
			isa = PBXProject;
			attributes = {
				BuildIndependentTargetsInParallel = 1;
				LastSwiftUpdateCheck = 1530;
				LastUpgradeCheck = 1530;
				TargetAttributes = {
					2A37B3512BB05C480053328A = {
						CreatedOnToolsVersion = 15.3;
					};
				};
			};
			buildConfigurationList = 2A37B34D2BB05C480053328A /* Build configuration list for PBXProject "Fiodora" */;
			compatibilityVersion = "Xcode 14.0";
			developmentRegion = en;
			hasScannedForEncodings = 0;
			knownRegions = (
				en,
				Base,
				"es-419",
			);
			mainGroup = 2A37B3492BB05C480053328A;
			packageReferences = (
				2A37B3642BB05E0A0053328A /* XCRemoteSwiftPackageReference "apollo-ios" */,
				2AABEBB02BB1C20D004C93AC /* XCLocalSwiftPackageReference "FiodoraAPI" */,
				2AABEBB32BB1C679004C93AC /* XCRemoteSwiftPackageReference "keychain-swift" */,
			);
			productRefGroup = 2A37B3532BB05C480053328A /* Products */;
			projectDirPath = "";
			projectRoot = "";
			targets = (
				2A37B3512BB05C480053328A /* Fiodora */,
			);
		};
/* End PBXProject section */

/* Begin PBXResourcesBuildPhase section */
		2A37B3502BB05C480053328A /* Resources */ = {
			isa = PBXResourcesBuildPhase;
			buildActionMask = 2147483647;
			files = (
				2A37B3702BB065830053328A /* schema.graphqls in Resources */,
				2A37B3A22BB0F0E60053328A /* Login.graphql in Resources */,
				2A37B3822BB088190053328A /* Localizable.xcstrings in Resources */,
				2A37B3682BB063490053328A /* apollo-codegen-config.json in Resources */,
				2A37B35D2BB05C490053328A /* Preview Assets.xcassets in Resources */,
				2A37B35A2BB05C490053328A /* Assets.xcassets in Resources */,
			);
			runOnlyForDeploymentPostprocessing = 0;
		};
/* End PBXResourcesBuildPhase section */

/* Begin PBXSourcesBuildPhase section */
		2A37B34E2BB05C480053328A /* Sources */ = {
			isa = PBXSourcesBuildPhase;
			buildActionMask = 2147483647;
			files = (
				2A37B39C2BB0EFD90053328A /* LoginViewModel.swift in Sources */,
				2A37B3562BB05C480053328A /* FiodoraApp.swift in Sources */,
				2A37B37B2BB06FE70053328A /* LoginView.swift in Sources */,
				2AABEBAF2BB0F74B004C93AC /* AppAlert.swift in Sources */,
				2A37B37E2BB071F80053328A /* InputField.swift in Sources */,
				2A37B3792BB067190053328A /* Network.swift in Sources */,
				2AABEBB72BB1D134004C93AC /* LoginButtonView.swift in Sources */,
			);
			runOnlyForDeploymentPostprocessing = 0;
		};
/* End PBXSourcesBuildPhase section */

/* Begin XCBuildConfiguration section */
		2A37B35E2BB05C490053328A /* Debug */ = {
			isa = XCBuildConfiguration;
			buildSettings = {
				ALWAYS_SEARCH_USER_PATHS = NO;
				ASSETCATALOG_COMPILER_GENERATE_SWIFT_ASSET_SYMBOL_EXTENSIONS = YES;
				CLANG_ANALYZER_NONNULL = YES;
				CLANG_ANALYZER_NUMBER_OBJECT_CONVERSION = YES_AGGRESSIVE;
				CLANG_CXX_LANGUAGE_STANDARD = "gnu++20";
				CLANG_ENABLE_MODULES = YES;
				CLANG_ENABLE_OBJC_ARC = YES;
				CLANG_ENABLE_OBJC_WEAK = YES;
				CLANG_WARN_BLOCK_CAPTURE_AUTORELEASING = YES;
				CLANG_WARN_BOOL_CONVERSION = YES;
				CLANG_WARN_COMMA = YES;
				CLANG_WARN_CONSTANT_CONVERSION = YES;
				CLANG_WARN_DEPRECATED_OBJC_IMPLEMENTATIONS = YES;
				CLANG_WARN_DIRECT_OBJC_ISA_USAGE = YES_ERROR;
				CLANG_WARN_DOCUMENTATION_COMMENTS = YES;
				CLANG_WARN_EMPTY_BODY = YES;
				CLANG_WARN_ENUM_CONVERSION = YES;
				CLANG_WARN_INFINITE_RECURSION = YES;
				CLANG_WARN_INT_CONVERSION = YES;
				CLANG_WARN_NON_LITERAL_NULL_CONVERSION = YES;
				CLANG_WARN_OBJC_IMPLICIT_RETAIN_SELF = YES;
				CLANG_WARN_OBJC_LITERAL_CONVERSION = YES;
				CLANG_WARN_OBJC_ROOT_CLASS = YES_ERROR;
				CLANG_WARN_QUOTED_INCLUDE_IN_FRAMEWORK_HEADER = YES;
				CLANG_WARN_RANGE_LOOP_ANALYSIS = YES;
				CLANG_WARN_STRICT_PROTOTYPES = YES;
				CLANG_WARN_SUSPICIOUS_MOVE = YES;
				CLANG_WARN_UNGUARDED_AVAILABILITY = YES_AGGRESSIVE;
				CLANG_WARN_UNREACHABLE_CODE = YES;
				CLANG_WARN__DUPLICATE_METHOD_MATCH = YES;
				COPY_PHASE_STRIP = NO;
				DEBUG_INFORMATION_FORMAT = dwarf;
				ENABLE_STRICT_OBJC_MSGSEND = YES;
				ENABLE_TESTABILITY = YES;
				ENABLE_USER_SCRIPT_SANDBOXING = YES;
				GCC_C_LANGUAGE_STANDARD = gnu17;
				GCC_DYNAMIC_NO_PIC = NO;
				GCC_NO_COMMON_BLOCKS = YES;
				GCC_OPTIMIZATION_LEVEL = 0;
				GCC_PREPROCESSOR_DEFINITIONS = (
					"DEBUG=1",
					"$(inherited)",
				);
				GCC_WARN_64_TO_32_BIT_CONVERSION = YES;
				GCC_WARN_ABOUT_RETURN_TYPE = YES_ERROR;
				GCC_WARN_UNDECLARED_SELECTOR = YES;
				GCC_WARN_UNINITIALIZED_AUTOS = YES_AGGRESSIVE;
				GCC_WARN_UNUSED_FUNCTION = YES;
				GCC_WARN_UNUSED_VARIABLE = YES;
				IPHONEOS_DEPLOYMENT_TARGET = 17.4;
				LOCALIZATION_PREFERS_STRING_CATALOGS = YES;
				MTL_ENABLE_DEBUG_INFO = INCLUDE_SOURCE;
				MTL_FAST_MATH = YES;
				ONLY_ACTIVE_ARCH = YES;
				SDKROOT = iphoneos;
				SWIFT_ACTIVE_COMPILATION_CONDITIONS = "DEBUG $(inherited)";
				SWIFT_OPTIMIZATION_LEVEL = "-Onone";
			};
			name = Debug;
		};
		2A37B35F2BB05C490053328A /* Release */ = {
			isa = XCBuildConfiguration;
			buildSettings = {
				ALWAYS_SEARCH_USER_PATHS = NO;
				ASSETCATALOG_COMPILER_GENERATE_SWIFT_ASSET_SYMBOL_EXTENSIONS = YES;
				CLANG_ANALYZER_NONNULL = YES;
				CLANG_ANALYZER_NUMBER_OBJECT_CONVERSION = YES_AGGRESSIVE;
				CLANG_CXX_LANGUAGE_STANDARD = "gnu++20";
				CLANG_ENABLE_MODULES = YES;
				CLANG_ENABLE_OBJC_ARC = YES;
				CLANG_ENABLE_OBJC_WEAK = YES;
				CLANG_WARN_BLOCK_CAPTURE_AUTORELEASING = YES;
				CLANG_WARN_BOOL_CONVERSION = YES;
				CLANG_WARN_COMMA = YES;
				CLANG_WARN_CONSTANT_CONVERSION = YES;
				CLANG_WARN_DEPRECATED_OBJC_IMPLEMENTATIONS = YES;
				CLANG_WARN_DIRECT_OBJC_ISA_USAGE = YES_ERROR;
				CLANG_WARN_DOCUMENTATION_COMMENTS = YES;
				CLANG_WARN_EMPTY_BODY = YES;
				CLANG_WARN_ENUM_CONVERSION = YES;
				CLANG_WARN_INFINITE_RECURSION = YES;
				CLANG_WARN_INT_CONVERSION = YES;
				CLANG_WARN_NON_LITERAL_NULL_CONVERSION = YES;
				CLANG_WARN_OBJC_IMPLICIT_RETAIN_SELF = YES;
				CLANG_WARN_OBJC_LITERAL_CONVERSION = YES;
				CLANG_WARN_OBJC_ROOT_CLASS = YES_ERROR;
				CLANG_WARN_QUOTED_INCLUDE_IN_FRAMEWORK_HEADER = YES;
				CLANG_WARN_RANGE_LOOP_ANALYSIS = YES;
				CLANG_WARN_STRICT_PROTOTYPES = YES;
				CLANG_WARN_SUSPICIOUS_MOVE = YES;
				CLANG_WARN_UNGUARDED_AVAILABILITY = YES_AGGRESSIVE;
				CLANG_WARN_UNREACHABLE_CODE = YES;
				CLANG_WARN__DUPLICATE_METHOD_MATCH = YES;
				COPY_PHASE_STRIP = NO;
				DEBUG_INFORMATION_FORMAT = "dwarf-with-dsym";
				ENABLE_NS_ASSERTIONS = NO;
				ENABLE_STRICT_OBJC_MSGSEND = YES;
				ENABLE_USER_SCRIPT_SANDBOXING = YES;
				GCC_C_LANGUAGE_STANDARD = gnu17;
				GCC_NO_COMMON_BLOCKS = YES;
				GCC_WARN_64_TO_32_BIT_CONVERSION = YES;
				GCC_WARN_ABOUT_RETURN_TYPE = YES_ERROR;
				GCC_WARN_UNDECLARED_SELECTOR = YES;
				GCC_WARN_UNINITIALIZED_AUTOS = YES_AGGRESSIVE;
				GCC_WARN_UNUSED_FUNCTION = YES;
				GCC_WARN_UNUSED_VARIABLE = YES;
				IPHONEOS_DEPLOYMENT_TARGET = 17.4;
				LOCALIZATION_PREFERS_STRING_CATALOGS = YES;
				MTL_ENABLE_DEBUG_INFO = NO;
				MTL_FAST_MATH = YES;
				SDKROOT = iphoneos;
				SWIFT_COMPILATION_MODE = wholemodule;
				VALIDATE_PRODUCT = YES;
			};
			name = Release;
		};
		2A37B3612BB05C490053328A /* Debug */ = {
			isa = XCBuildConfiguration;
			buildSettings = {
				ASSETCATALOG_COMPILER_APPICON_NAME = AppIcon;
				ASSETCATALOG_COMPILER_GLOBAL_ACCENT_COLOR_NAME = AccentColor;
				CODE_SIGN_STYLE = Automatic;
				CURRENT_PROJECT_VERSION = 1;
				DEVELOPMENT_ASSET_PATHS = "\"Fiodora/Preview Content\"";
				DEVELOPMENT_TEAM = 4N4N24C7TN;
				ENABLE_PREVIEWS = YES;
				GENERATE_INFOPLIST_FILE = YES;
				INFOPLIST_KEY_CFBundleDisplayName = Fiodora;
				INFOPLIST_KEY_LSApplicationCategoryType = "public.app-category.finance";
				INFOPLIST_KEY_UIApplicationSceneManifest_Generation = YES;
				INFOPLIST_KEY_UIApplicationSupportsIndirectInputEvents = YES;
				INFOPLIST_KEY_UILaunchScreen_Generation = YES;
				INFOPLIST_KEY_UIStatusBarStyle = UIStatusBarStyleLightContent;
				INFOPLIST_KEY_UISupportedInterfaceOrientations = UIInterfaceOrientationPortrait;
				INFOPLIST_KEY_UISupportedInterfaceOrientations_iPad = "UIInterfaceOrientationPortrait UIInterfaceOrientationPortraitUpsideDown";
				LD_RUNPATH_SEARCH_PATHS = (
					"$(inherited)",
					"@executable_path/Frameworks",
				);
				MARKETING_VERSION = 1.0;
				PRODUCT_BUNDLE_IDENTIFIER = com.juanlatorre.Fiodora;
				PRODUCT_NAME = "$(TARGET_NAME)";
				SUPPORTED_PLATFORMS = "iphoneos iphonesimulator";
				SUPPORTS_MACCATALYST = NO;
				SUPPORTS_MAC_DESIGNED_FOR_IPHONE_IPAD = NO;
				SUPPORTS_XR_DESIGNED_FOR_IPHONE_IPAD = NO;
				SWIFT_EMIT_LOC_STRINGS = YES;
				SWIFT_VERSION = 5.0;
				TARGETED_DEVICE_FAMILY = "1,2";
			};
			name = Debug;
		};
		2A37B3622BB05C490053328A /* Release */ = {
			isa = XCBuildConfiguration;
			buildSettings = {
				ASSETCATALOG_COMPILER_APPICON_NAME = AppIcon;
				ASSETCATALOG_COMPILER_GLOBAL_ACCENT_COLOR_NAME = AccentColor;
				CODE_SIGN_STYLE = Automatic;
				CURRENT_PROJECT_VERSION = 1;
				DEVELOPMENT_ASSET_PATHS = "\"Fiodora/Preview Content\"";
				DEVELOPMENT_TEAM = 4N4N24C7TN;
				ENABLE_PREVIEWS = YES;
				GENERATE_INFOPLIST_FILE = YES;
				INFOPLIST_KEY_CFBundleDisplayName = Fiodora;
				INFOPLIST_KEY_LSApplicationCategoryType = "public.app-category.finance";
				INFOPLIST_KEY_UIApplicationSceneManifest_Generation = YES;
				INFOPLIST_KEY_UIApplicationSupportsIndirectInputEvents = YES;
				INFOPLIST_KEY_UILaunchScreen_Generation = YES;
				INFOPLIST_KEY_UIStatusBarStyle = UIStatusBarStyleLightContent;
				INFOPLIST_KEY_UISupportedInterfaceOrientations = UIInterfaceOrientationPortrait;
				INFOPLIST_KEY_UISupportedInterfaceOrientations_iPad = "UIInterfaceOrientationPortrait UIInterfaceOrientationPortraitUpsideDown";
				LD_RUNPATH_SEARCH_PATHS = (
					"$(inherited)",
					"@executable_path/Frameworks",
				);
				MARKETING_VERSION = 1.0;
				PRODUCT_BUNDLE_IDENTIFIER = com.juanlatorre.Fiodora;
				PRODUCT_NAME = "$(TARGET_NAME)";
				SUPPORTED_PLATFORMS = "iphoneos iphonesimulator";
				SUPPORTS_MACCATALYST = NO;
				SUPPORTS_MAC_DESIGNED_FOR_IPHONE_IPAD = NO;
				SUPPORTS_XR_DESIGNED_FOR_IPHONE_IPAD = NO;
				SWIFT_EMIT_LOC_STRINGS = YES;
				SWIFT_VERSION = 5.0;
				TARGETED_DEVICE_FAMILY = "1,2";
			};
			name = Release;
		};
/* End XCBuildConfiguration section */

/* Begin XCConfigurationList section */
		2A37B34D2BB05C480053328A /* Build configuration list for PBXProject "Fiodora" */ = {
			isa = XCConfigurationList;
			buildConfigurations = (
				2A37B35E2BB05C490053328A /* Debug */,
				2A37B35F2BB05C490053328A /* Release */,
			);
			defaultConfigurationIsVisible = 0;
			defaultConfigurationName = Release;
		};
		2A37B3602BB05C490053328A /* Build configuration list for PBXNativeTarget "Fiodora" */ = {
			isa = XCConfigurationList;
			buildConfigurations = (
				2A37B3612BB05C490053328A /* Debug */,
				2A37B3622BB05C490053328A /* Release */,
			);
			defaultConfigurationIsVisible = 0;
			defaultConfigurationName = Release;
		};
/* End XCConfigurationList section */

/* Begin XCLocalSwiftPackageReference section */
		2AABEBB02BB1C20D004C93AC /* XCLocalSwiftPackageReference "FiodoraAPI" */ = {
			isa = XCLocalSwiftPackageReference;
			relativePath = FiodoraAPI;
		};
/* End XCLocalSwiftPackageReference section */

/* Begin XCRemoteSwiftPackageReference section */
		2A37B3642BB05E0A0053328A /* XCRemoteSwiftPackageReference "apollo-ios" */ = {
			isa = XCRemoteSwiftPackageReference;
			repositoryURL = "https://github.com/apollographql/apollo-ios.git";
			requirement = {
				kind = upToNextMajorVersion;
				minimumVersion = 1.9.3;
			};
		};
		2AABEBB32BB1C679004C93AC /* XCRemoteSwiftPackageReference "keychain-swift" */ = {
			isa = XCRemoteSwiftPackageReference;
			repositoryURL = "https://github.com/evgenyneu/keychain-swift.git";
			requirement = {
				kind = upToNextMajorVersion;
				minimumVersion = 21.0.0;
			};
		};
/* End XCRemoteSwiftPackageReference section */

/* Begin XCSwiftPackageProductDependency section */
		2A37B3652BB05E0A0053328A /* Apollo */ = {
			isa = XCSwiftPackageProductDependency;
			package = 2A37B3642BB05E0A0053328A /* XCRemoteSwiftPackageReference "apollo-ios" */;
			productName = Apollo;
		};
		2A37B3752BB066D10053328A /* FiodoraAPI */ = {
			isa = XCSwiftPackageProductDependency;
			productName = FiodoraAPI;
		};
		2AABEBB12BB1C20D004C93AC /* FiodoraAPI */ = {
			isa = XCSwiftPackageProductDependency;
			productName = FiodoraAPI;
		};
		2AABEBB42BB1C679004C93AC /* KeychainSwift */ = {
			isa = XCSwiftPackageProductDependency;
			package = 2AABEBB32BB1C679004C93AC /* XCRemoteSwiftPackageReference "keychain-swift" */;
			productName = KeychainSwift;
		};
/* End XCSwiftPackageProductDependency section */
	};
	rootObject = 2A37B34A2BB05C480053328A /* Project object */;
}
